
Microsoft Visual Studio Solution File, Format Version 12.00
# Visual Studio Version 17
VisualStudioVersion = 17.4.33122.133
MinimumVisualStudioVersion = 10.0.40219.1
Project("{FAE04EC0-301F-11D3-BF4B-00C04F79EFBC}") = "FaftasyevSchoolWorkers", "FaftasyevSchoolWorkers.csproj", "{C3C075DC-7978-4631-B870-C7545B471503}"
EndProject
Global
	GlobalSection(SolutionConfigurationPlatforms) = preSolution
		Debug|Any CPU = Debug|Any CPU
		Release|Any CPU = Release|Any CPU
	EndGlobalSection
	GlobalSection(ProjectConfigurationPlatforms) = postSolution
		{C3C075DC-7978-4631-B870-C7545B471503}.Debug|Any CPU.ActiveCfg = Debug|Any CPU
		{C3C075DC-7978-4631-B870-C7545B471503}.Debug|Any CPU.Build.0 = Debug|Any CPU
		{C3C075DC-7978-4631-B870-C7545B471503}.Release|Any CPU.ActiveCfg = Release|Any CPU
		{C3C075DC-7978-4631-B870-C7545B471503}.Release|Any CPU.Build.0 = Release|Any CPU
	EndGlobalSection
	GlobalSection(SolutionProperties) = preSolution
		HideSolutionNode = FALSE
	EndGlobalSection
	GlobalSection(ExtensibilityGlobals) = postSolution
		SolutionGuid = {6300D5D2-4AE9-4C04-81C3-C93250DF4651}
	EndGlobalSection
EndGlobal
